
Microsoft Visual Studio Solution File, Format Version 12.00
# Visual Studio 15
Project("{FAE04EC0-301F-11D3-BF4B-00C04F79EFBC}") = "Assembly-CSharp-Editor", "Assembly-CSharp-Editor.csproj", "{14736897-2903-0B26-E2A5-68BDCCD407C9}"
EndProject
Project("{FAE04EC0-301F-11D3-BF4B-00C04F79EFBC}") = "Assembly-CSharp", "Assembly-CSharp.csproj", "{FC715470-B5FD-6563-B471-1B87B4ECCA45}"
EndProject
Global
	GlobalSection(SolutionConfigurationPlatforms) = preSolution
		Debug|Any CPU = Debug|Any CPU
		Release|Any CPU = Release|Any CPU
	EndGlobalSection
	GlobalSection(ProjectConfigurationPlatforms) = postSolution
		{14736897-2903-0B26-E2A5-68BDCCD407C9}.Debug|Any CPU.ActiveCfg = Debug|Any CPU
		{14736897-2903-0B26-E2A5-68BDCCD407C9}.Debug|Any CPU.Build.0 = Debug|Any CPU
		{14736897-2903-0B26-E2A5-68BDCCD407C9}.Release|Any CPU.ActiveCfg = Release|Any CPU
		{14736897-2903-0B26-E2A5-68BDCCD407C9}.Release|Any CPU.Build.0 = Release|Any CPU
		{FC715470-B5FD-6563-B471-1B87B4ECCA45}.Debug|Any CPU.ActiveCfg = Debug|Any CPU
		{FC715470-B5FD-6563-B471-1B87B4ECCA45}.Debug|Any CPU.Build.0 = Debug|Any CPU
		{FC715470-B5FD-6563-B471-1B87B4ECCA45}.Release|Any CPU.ActiveCfg = Release|Any CPU
		{FC715470-B5FD-6563-B471-1B87B4ECCA45}.Release|Any CPU.Build.0 = Release|Any CPU
	EndGlobalSection
	GlobalSection(SolutionProperties) = preSolution
		HideSolutionNode = FALSE
	EndGlobalSection
EndGlobal
